Microsoft Visual Studio Solution File, Format Version 12.00
# Visual Studio Version 17
VisualStudioVersion = 17.5.2.0
MinimumVisualStudioVersion = 10.0.40219.1
Project("{FAE04EC0-301F-11D3-BF4B-00C04F79EFBC}") = "DistributedJobManagementSystem.Server", "DistributedJobManagementSystem.Server\DistributedJobManagementSystem.Server.csproj", "{866125A9-B0F9-EACF-31DC-3D7A4C62820C}"
EndProject
Global
	GlobalSection(SolutionConfigurationPlatforms) = preSolution
		Debug|Any CPU = Debug|Any CPU
		Release|Any CPU = Release|Any CPU
	EndGlobalSection
	GlobalSection(ProjectConfigurationPlatforms) = postSolution
		{866125A9-B0F9-EACF-31DC-3D7A4C62820C}.Debug|Any CPU.ActiveCfg = Debug|Any CPU
		{866125A9-B0F9-EACF-31DC-3D7A4C62820C}.Debug|Any CPU.Build.0 = Debug|Any CPU
		{866125A9-B0F9-EACF-31DC-3D7A4C62820C}.Release|Any CPU.ActiveCfg = Release|Any CPU
		{866125A9-B0F9-EACF-31DC-3D7A4C62820C}.Release|Any CPU.Build.0 = Release|Any CPU
	EndGlobalSection
	GlobalSection(SolutionProperties) = preSolution
		HideSolutionNode = FALSE
	EndGlobalSection
	GlobalSection(ExtensibilityGlobals) = postSolution
		SolutionGuid = {5AD56DFA-EC71-4942-92DC-16A63F8A033C}
	EndGlobalSection
EndGlobal
